
Microsoft Visual Studio Solution File, Format Version 12.00
# Visual Studio Version 17
VisualStudioVersion = 17.0.31903.59
MinimumVisualStudioVersion = 10.0.40219.1
Project("{2150E333-8FDC-42A3-9474-1A3956D46DE8}") = "src", "src", "{827E0CD3-B72D-47B6-A68D-7590B98EB39B}"
EndProject
Project("{FAE04EC0-301F-11D3-BF4B-00C04F79EFBC}") = "ProductApi", "src\ProductApi\ProductApi.csproj", "{591038AC-A11A-48B8-99BD-8FD02E1E4CCA}"
EndProject
Project("{FAE04EC0-301F-11D3-BF4B-00C04F79EFBC}") = "ProductApplication", "src\ProductApplication\ProductApplication.csproj", "{E4DFE9D4-DF34-40A6-8800-F3C0862208C2}"
EndProject
Project("{FAE04EC0-301F-11D3-BF4B-00C04F79EFBC}") = "ProductDomain", "src\ProductDomain\ProductDomain.csproj", "{8B8A05A5-DC70-4E09-8E30-E9D531BD839B}"
EndProject
Project("{FAE04EC0-301F-11D3-BF4B-00C04F79EFBC}") = "ProductInfrastructure", "src\ProductInfrastructure\ProductInfrastructure.csproj", "{23F8EB5A-AC34-4051-9DD7-8F3928601964}"
EndProject
Project("{2150E333-8FDC-42A3-9474-1A3956D46DE8}") = "tests", "tests", "{0AB3BF05-4346-4AA6-1389-037BE0695223}"
EndProject
Project("{FAE04EC0-301F-11D3-BF4B-00C04F79EFBC}") = "ProductUnitTests", "tests\ProductUnitTests\ProductUnitTests.csproj", "{B3C0480E-4055-473A-851A-3F0A6461C7F4}"
EndProject
Project("{FAE04EC0-301F-11D3-BF4B-00C04F79EFBC}") = "ProductIntegrationTests", "tests\ProductIntegrationTests\ProductIntegrationTests.csproj", "{C7A5D41F-8A35-43B3-AEE8-BF559C848786}"
EndProject
Global
	GlobalSection(SolutionConfigurationPlatforms) = preSolution
		Debug|Any CPU = Debug|Any CPU
		Debug|x64 = Debug|x64
		Debug|x86 = Debug|x86
		Release|Any CPU = Release|Any CPU
		Release|x64 = Release|x64
		Release|x86 = Release|x86
	EndGlobalSection
	GlobalSection(ProjectConfigurationPlatforms) = postSolution
		{591038AC-A11A-48B8-99BD-8FD02E1E4CCA}.Debug|Any CPU.ActiveCfg = Debug|Any CPU
		{591038AC-A11A-48B8-99BD-8FD02E1E4CCA}.Debug|Any CPU.Build.0 = Debug|Any CPU
		{591038AC-A11A-48B8-99BD-8FD02E1E4CCA}.Debug|x64.ActiveCfg = Debug|Any CPU
		{591038AC-A11A-48B8-99BD-8FD02E1E4CCA}.Debug|x64.Build.0 = Debug|Any CPU
		{591038AC-A11A-48B8-99BD-8FD02E1E4CCA}.Debug|x86.ActiveCfg = Debug|Any CPU
		{591038AC-A11A-48B8-99BD-8FD02E1E4CCA}.Debug|x86.Build.0 = Debug|Any CPU
		{591038AC-A11A-48B8-99BD-8FD02E1E4CCA}.Release|Any CPU.ActiveCfg = Release|Any CPU
		{591038AC-A11A-48B8-99BD-8FD02E1E4CCA}.Release|Any CPU.Build.0 = Release|Any CPU
		{591038AC-A11A-48B8-99BD-8FD02E1E4CCA}.Release|x64.ActiveCfg = Release|Any CPU
		{591038AC-A11A-48B8-99BD-8FD02E1E4CCA}.Release|x64.Build.0 = Release|Any CPU
		{591038AC-A11A-48B8-99BD-8FD02E1E4CCA}.Release|x86.ActiveCfg = Release|Any CPU
		{591038AC-A11A-48B8-99BD-8FD02E1E4CCA}.Release|x86.Build.0 = Release|Any CPU
		{E4DFE9D4-DF34-40A6-8800-F3C0862208C2}.Debug|Any CPU.ActiveCfg = Debug|Any CPU
		{E4DFE9D4-DF34-40A6-8800-F3C0862208C2}.Debug|Any CPU.Build.0 = Debug|Any CPU
		{E4DFE9D4-DF34-40A6-8800-F3C0862208C2}.Debug|x64.ActiveCfg = Debug|Any CPU
		{E4DFE9D4-DF34-40A6-8800-F3C0862208C2}.Debug|x64.Build.0 = Debug|Any CPU
		{E4DFE9D4-DF34-40A6-8800-F3C0862208C2}.Debug|x86.ActiveCfg = Debug|Any CPU
		{E4DFE9D4-DF34-40A6-8800-F3C0862208C2}.Debug|x86.Build.0 = Debug|Any CPU
		{E4DFE9D4-DF34-40A6-8800-F3C0862208C2}.Release|Any CPU.ActiveCfg = Release|Any CPU
		{E4DFE9D4-DF34-40A6-8800-F3C0862208C2}.Release|Any CPU.Build.0 = Release|Any CPU
		{E4DFE9D4-DF34-40A6-8800-F3C0862208C2}.Release|x64.ActiveCfg = Release|Any CPU
		{E4DFE9D4-DF34-40A6-8800-F3C0862208C2}.Release|x64.Build.0 = Release|Any CPU
		{E4DFE9D4-DF34-40A6-8800-F3C0862208C2}.Release|x86.ActiveCfg = Release|Any CPU
		{E4DFE9D4-DF34-40A6-8800-F3C0862208C2}.Release|x86.Build.0 = Release|Any CPU
		{8B8A05A5-DC70-4E09-8E30-E9D531BD839B}.Debug|Any CPU.ActiveCfg = Debug|Any CPU
		{8B8A05A5-DC70-4E09-8E30-E9D531BD839B}.Debug|Any CPU.Build.0 = Debug|Any CPU
		{8B8A05A5-DC70-4E09-8E30-E9D531BD839B}.Debug|x64.ActiveCfg = Debug|Any CPU
		{8B8A05A5-DC70-4E09-8E30-E9D531BD839B}.Debug|x64.Build.0 = Debug|Any CPU
		{8B8A05A5-DC70-4E09-8E30-E9D531BD839B}.Debug|x86.ActiveCfg = Debug|Any CPU
		{8B8A05A5-DC70-4E09-8E30-E9D531BD839B}.Debug|x86.Build.0 = Debug|Any CPU
		{8B8A05A5-DC70-4E09-8E30-E9D531BD839B}.Release|Any CPU.ActiveCfg = Release|Any CPU
		{8B8A05A5-DC70-4E09-8E30-E9D531BD839B}.Release|Any CPU.Build.0 = Release|Any CPU
		{8B8A05A5-DC70-4E09-8E30-E9D531BD839B}.Release|x64.ActiveCfg = Release|Any CPU
		{8B8A05A5-DC70-4E09-8E30-E9D531BD839B}.Release|x64.Build.0 = Release|Any CPU
		{8B8A05A5-DC70-4E09-8E30-E9D531BD839B}.Release|x86.ActiveCfg = Release|Any CPU
		{8B8A05A5-DC70-4E09-8E30-E9D531BD839B}.Release|x86.Build.0 = Release|Any CPU
		{23F8EB5A-AC34-4051-9DD7-8F3928601964}.Debug|Any CPU.ActiveCfg = Debug|Any CPU
		{23F8EB5A-AC34-4051-9DD7-8F3928601964}.Debug|Any CPU.Build.0 = Debug|Any CPU
		{23F8EB5A-AC34-4051-9DD7-8F3928601964}.Debug|x64.ActiveCfg = Debug|Any CPU
		{23F8EB5A-AC34-4051-9DD7-8F3928601964}.Debug|x64.Build.0 = Debug|Any CPU
		{23F8EB5A-AC34-4051-9DD7-8F3928601964}.Debug|x86.ActiveCfg = Debug|Any CPU
		{23F8EB5A-AC34-4051-9DD7-8F3928601964}.Debug|x86.Build.0 = Debug|Any CPU
		{23F8EB5A-AC34-4051-9DD7-8F3928601964}.Release|Any CPU.ActiveCfg = Release|Any CPU
		{23F8EB5A-AC34-4051-9DD7-8F3928601964}.Release|Any CPU.Build.0 = Release|Any CPU
		{23F8EB5A-AC34-4051-9DD7-8F3928601964}.Release|x64.ActiveCfg = Release|Any CPU
		{23F8EB5A-AC34-4051-9DD7-8F3928601964}.Release|x64.Build.0 = Release|Any CPU
		{23F8EB5A-AC34-4051-9DD7-8F3928601964}.Release|x86.ActiveCfg = Release|Any CPU
		{23F8EB5A-AC34-4051-9DD7-8F3928601964}.Release|x86.Build.0 = Release|Any CPU
		{B3C0480E-4055-473A-851A-3F0A6461C7F4}.Debug|Any CPU.ActiveCfg = Debug|Any CPU
		{B3C0480E-4055-473A-851A-3F0A6461C7F4}.Debug|Any CPU.Build.0 = Debug|Any CPU
		{B3C0480E-4055-473A-851A-3F0A6461C7F4}.Debug|x64.ActiveCfg = Debug|Any CPU
		{B3C0480E-4055-473A-851A-3F0A6461C7F4}.Debug|x64.Build.0 = Debug|Any CPU
		{B3C0480E-4055-473A-851A-3F0A6461C7F4}.Debug|x86.ActiveCfg = Debug|Any CPU
		{B3C0480E-4055-473A-851A-3F0A6461C7F4}.Debug|x86.Build.0 = Debug|Any CPU
		{B3C0480E-4055-473A-851A-3F0A6461C7F4}.Release|Any CPU.ActiveCfg = Release|Any CPU
		{B3C0480E-4055-473A-851A-3F0A6461C7F4}.Release|Any CPU.Build.0 = Release|Any CPU
		{B3C0480E-4055-473A-851A-3F0A6461C7F4}.Release|x64.ActiveCfg = Release|Any CPU
		{B3C0480E-4055-473A-851A-3F0A6461C7F4}.Release|x64.Build.0 = Release|Any CPU
		{B3C0480E-4055-473A-851A-3F0A6461C7F4}.Release|x86.ActiveCfg = Release|Any CPU
		{B3C0480E-4055-473A-851A-3F0A6461C7F4}.Release|x86.Build.0 = Release|Any CPU
		{C7A5D41F-8A35-43B3-AEE8-BF559C848786}.Debug|Any CPU.ActiveCfg = Debug|Any CPU
		{C7A5D41F-8A35-43B3-AEE8-BF559C848786}.Debug|Any CPU.Build.0 = Debug|Any CPU
		{C7A5D41F-8A35-43B3-AEE8-BF559C848786}.Debug|x64.ActiveCfg = Debug|Any CPU
		{C7A5D41F-8A35-43B3-AEE8-BF559C848786}.Debug|x64.Build.0 = Debug|Any CPU
		{C7A5D41F-8A35-43B3-AEE8-BF559C848786}.Debug|x86.ActiveCfg = Debug|Any CPU
		{C7A5D41F-8A35-43B3-AEE8-BF559C848786}.Debug|x86.Build.0 = Debug|Any CPU
		{C7A5D41F-8A35-43B3-AEE8-BF559C848786}.Release|Any CPU.ActiveCfg = Release|Any CPU
		{C7A5D41F-8A35-43B3-AEE8-BF559C848786}.Release|Any CPU.Build.0 = Release|Any CPU
		{C7A5D41F-8A35-43B3-AEE8-BF559C848786}.Release|x64.ActiveCfg = Release|Any CPU
		{C7A5D41F-8A35-43B3-AEE8-BF559C848786}.Release|x64.Build.0 = Release|Any CPU
		{C7A5D41F-8A35-43B3-AEE8-BF559C848786}.Release|x86.ActiveCfg = Release|Any CPU
		{C7A5D41F-8A35-43B3-AEE8-BF559C848786}.Release|x86.Build.0 = Release|Any CPU
	EndGlobalSection
	GlobalSection(SolutionProperties) = preSolution
		HideSolutionNode = FALSE
	EndGlobalSection
	GlobalSection(NestedProjects) = preSolution
		{591038AC-A11A-48B8-99BD-8FD02E1E4CCA} = {827E0CD3-B72D-47B6-A68D-7590B98EB39B}
		{E4DFE9D4-DF34-40A6-8800-F3C0862208C2} = {827E0CD3-B72D-47B6-A68D-7590B98EB39B}
		{8B8A05A5-DC70-4E09-8E30-E9D531BD839B} = {827E0CD3-B72D-47B6-A68D-7590B98EB39B}
		{23F8EB5A-AC34-4051-9DD7-8F3928601964} = {827E0CD3-B72D-47B6-A68D-7590B98EB39B}
		{B3C0480E-4055-473A-851A-3F0A6461C7F4} = {0AB3BF05-4346-4AA6-1389-037BE0695223}
		{C7A5D41F-8A35-43B3-AEE8-BF559C848786} = {0AB3BF05-4346-4AA6-1389-037BE0695223}
	EndGlobalSection
EndGlobal
